{
  "name": "my-website",
  "version": "0.1.0",
  "lockfileVersion": 2,
  "requires": true,
  "packages": {
    "": {
      "name": "my-website",
      "version": "0.1.0",
      "dependencies": {
        "docusaurus-template-openapi": "^0.6.3"
      }
    },
    "node_modules/docusaurus-template-openapi": {
      "version": "0.6.3",
      "resolved": "https://registry.npmjs.org/docusaurus-template-openapi/-/docusaurus-template-openapi-0.6.3.tgz",
      "integrity": "sha512-+Ebo9hgEtWlEEhv+0/ClDUXsYwTrPLlIQNQS5WkaiKGGKEIV1lFZY7W/2aMrAe8bXcsepcVqsrg79d8l1mwc3g==",
      "engines": {
        "node": ">=14"
      }
    }
  },
  "dependencies": {
    "docusaurus-template-openapi": {
      "version": "0.6.3",
      "resolved": "https://registry.npmjs.org/docusaurus-template-openapi/-/docusaurus-template-openapi-0.6.3.tgz",
      "integrity": "sha512-+Ebo9hgEtWlEEhv+0/ClDUXsYwTrPLlIQNQS5WkaiKGGKEIV1lFZY7W/2aMrAe8bXcsepcVqsrg79d8l1mwc3g=="
    }
  }
}
